// !$*UTF8*$!
{
	archiveVersion = 1;
	classes = {
	};
	objectVersion = 46;
	objects = {

/* Begin PBXBuildFile section */
		233389A71D2F59A900E3C4C2 /* main.m in Sources */ = {isa = PBXBuildFile; fileRef = 233389A61D2F59A900E3C4C2 /* main.m */; };
		233389AA1D2F59A900E3C4C2 /* AppDelegate.m in Sources */ = {isa = PBXBuildFile; fileRef = 233389A91D2F59A900E3C4C2 /* AppDelegate.m */; };
		233389B01D2F59A900E3C4C2 /* Main.storyboard in Resources */ = {isa = PBXBuildFile; fileRef = 233389AE1D2F59A900E3C4C2 /* Main.storyboard */; };
		233389B21D2F59A900E3C4C2 /* Assets.xcassets in Resources */ = {isa = PBXBuildFile; fileRef = 233389B11D2F59A900E3C4C2 /* Assets.xcassets */; };
		233389B51D2F59A900E3C4C2 /* LaunchScreen.storyboard in Resources */ = {isa = PBXBuildFile; fileRef = 233389B31D2F59A900E3C4C2 /* LaunchScreen.storyboard */; };
		23623D181D34A8F900A9751E /* AddEventViewController.m in Sources */ = {isa = PBXBuildFile; fileRef = 23623D0B1D34A8F900A9751E /* AddEventViewController.m */; };
		23623D191D34A8F900A9751E /* Assets.xcassets in Resources */ = {isa = PBXBuildFile; fileRef = 23623D0C1D34A8F900A9751E /* Assets.xcassets */; };
		23623D1A1D34A8F900A9751E /* Base.lproj in Resources */ = {isa = PBXBuildFile; fileRef = 23623D0D1D34A8F900A9751E /* Base.lproj */; };
		23623D1B1D34A8F900A9751E /* Event.m in Sources */ = {isa = PBXBuildFile; fileRef = 23623D0F1D34A8F900A9751E /* Event.m */; };
		23623D1C1D34A8F900A9751E /* EventDetailViewController.m in Sources */ = {isa = PBXBuildFile; fileRef = 23623D111D34A8F900A9751E /* EventDetailViewController.m */; };
		23623D1D1D34A8F900A9751E /* EventList.m in Sources */ = {isa = PBXBuildFile; fileRef = 23623D131D34A8F900A9751E /* EventList.m */; };
		23623D1E1D34A8F900A9751E /* MainViewController.m in Sources */ = {isa = PBXBuildFile; fileRef = 23623D151D34A8F900A9751E /* MainViewController.m */; };
		23623D1F1D34A8F900A9751E /* TableViewCell.m in Sources */ = {isa = PBXBuildFile; fileRef = 23623D171D34A8F900A9751E /* TableViewCell.m */; };
/* End PBXBuildFile section */

/* Begin PBXFileReference section */
		233389A21D2F59A900E3C4C2 /* WDIL.app */ = {isa = PBXFileReference; explicitFileType = wrapper.application; includeInIndex = 0; path = WDIL.app; sourceTree = BUILT_PRODUCTS_DIR; };
		233389A61D2F59A900E3C4C2 /* main.m */ = {isa = PBXFileReference; lastKnownFileType = sourcecode.c.objc; path = main.m; sourceTree = "<group>"; };
		233389A81D2F59A900E3C4C2 /* AppDelegate.h */ = {isa = PBXFileReference; lastKnownFileType = sourcecode.c.h; path = AppDelegate.h; sourceTree = "<group>"; };
		233389A91D2F59A900E3C4C2 /* AppDelegate.m */ = {isa = PBXFileReference; lastKnownFileType = sourcecode.c.objc; path = AppDelegate.m; sourceTree = "<group>"; };
		233389AF1D2F59A900E3C4C2 /* Base */ = {isa = PBXFileReference; lastKnownFileType = file.storyboard; name = Base; path = Base.lproj/Main.storyboard; sourceTree = "<group>"; };
		233389B11D2F59A900E3C4C2 /* Assets.xcassets */ = {isa = PBXFileReference; lastKnownFileType = folder.assetcatalog; path = Assets.xcassets; sourceTree = "<group>"; };
		233389B41D2F59A900E3C4C2 /* Base */ = {isa = PBXFileReference; lastKnownFileType = file.storyboard; name = Base; path = Base.lproj/LaunchScreen.storyboard; sourceTree = "<group>"; };
		233389B61D2F59A900E3C4C2 /* Info.plist */ = {isa = PBXFileReference; lastKnownFileType = text.plist.xml; path = Info.plist; sourceTree = "<group>"; };
		23623D0A1D34A8F900A9751E /* AddEventViewController.h */ = {isa = PBXFileReference; fileEncoding = 4; lastKnownFileType = sourcecode.c.h; path = AddEventViewController.h; sourceTree = "<group>"; };
		23623D0B1D34A8F900A9751E /* AddEventViewController.m */ = {isa = PBXFileReference; fileEncoding = 4; lastKnownFileType = sourcecode.c.objc; path = AddEventViewController.m; sourceTree = "<group>"; };
		23623D0C1D34A8F900A9751E /* Assets.xcassets */ = {isa = PBXFileReference; lastKnownFileType = folder.assetcatalog; path = Assets.xcassets; sourceTree = "<group>"; };
		23623D0D1D34A8F900A9751E /* Base.lproj */ = {isa = PBXFileReference; lastKnownFileType = folder; path = Base.lproj; sourceTree = "<group>"; };
		23623D0E1D34A8F900A9751E /* Event.h */ = {isa = PBXFileReference; fileEncoding = 4; lastKnownFileType = sourcecode.c.h; path = Event.h; sourceTree = "<group>"; };
		23623D0F1D34A8F900A9751E /* Event.m */ = {isa = PBXFileReference; fileEncoding = 4; lastKnownFileType = sourcecode.c.objc; path = Event.m; sourceTree = "<group>"; };
		23623D101D34A8F900A9751E /* EventDetailViewController.h */ = {isa = PBXFileReference; fileEncoding = 4; lastKnownFileType = sourcecode.c.h; path = EventDetailViewController.h; sourceTree = "<group>"; };
		23623D111D34A8F900A9751E /* EventDetailViewController.m */ = {isa = PBXFileReference; fileEncoding = 4; lastKnownFileType = sourcecode.c.objc; path = EventDetailViewController.m; sourceTree = "<group>"; };
		23623D121D34A8F900A9751E /* EventList.h */ = {isa = PBXFileReference; fileEncoding = 4; lastKnownFileType = sourcecode.c.h; path = EventList.h; sourceTree = "<group>"; };
		23623D131D34A8F900A9751E /* EventList.m */ = {isa = PBXFileReference; fileEncoding = 4; lastKnownFileType = sourcecode.c.objc; path = EventList.m; sourceTree = "<group>"; };
		23623D141D34A8F900A9751E /* MainViewController.h */ = {isa = PBXFileReference; fileEncoding = 4; lastKnownFileType = sourcecode.c.h; path = MainViewController.h; sourceTree = "<group>"; };
		23623D151D34A8F900A9751E /* MainViewController.m */ = {isa = PBXFileReference; fileEncoding = 4; lastKnownFileType = sourcecode.c.objc; path = MainViewController.m; sourceTree = "<group>"; };
		23623D161D34A8F900A9751E /* TableViewCell.h */ = {isa = PBXFileReference; fileEncoding = 4; lastKnownFileType = sourcecode.c.h; path = TableViewCell.h; sourceTree = "<group>"; };
		23623D171D34A8F900A9751E /* TableViewCell.m */ = {isa = PBXFileReference; fileEncoding = 4; lastKnownFileType = sourcecode.c.objc; path = TableViewCell.m; sourceTree = "<group>"; };
/* End PBXFileReference section */

/* Begin PBXFrameworksBuildPhase section */
		2333899F1D2F59A900E3C4C2 /* Frameworks */ = {
			isa = PBXFrameworksBuildPhase;
			buildActionMask = 2147483647;
			files = (
			);
			runOnlyForDeploymentPostprocessing = 0;
		};
/* End PBXFrameworksBuildPhase section */

/* Begin PBXGroup section */
		233389991D2F59A900E3C4C2 = {
			isa = PBXGroup;
			children = (
				233389A41D2F59A900E3C4C2 /* WDIL */,
				233389A31D2F59A900E3C4C2 /* Products */,
			);
			sourceTree = "<group>";
		};
		233389A31D2F59A900E3C4C2 /* Products */ = {
			isa = PBXGroup;
			children = (
				233389A21D2F59A900E3C4C2 /* WDIL.app */,
			);
			name = Products;
			sourceTree = "<group>";
		};
		233389A41D2F59A900E3C4C2 /* WDIL */ = {
			isa = PBXGroup;
			children = (
				23623D0A1D34A8F900A9751E /* AddEventViewController.h */,
				23623D0B1D34A8F900A9751E /* AddEventViewController.m */,
				23623D0C1D34A8F900A9751E /* Assets.xcassets */,
				23623D0D1D34A8F900A9751E /* Base.lproj */,
				23623D0E1D34A8F900A9751E /* Event.h */,
				23623D0F1D34A8F900A9751E /* Event.m */,
				23623D101D34A8F900A9751E /* EventDetailViewController.h */,
				23623D111D34A8F900A9751E /* EventDetailViewController.m */,
				23623D121D34A8F900A9751E /* EventList.h */,
				23623D131D34A8F900A9751E /* EventList.m */,
				23623D141D34A8F900A9751E /* MainViewController.h */,
				23623D151D34A8F900A9751E /* MainViewController.m */,
				23623D161D34A8F900A9751E /* TableViewCell.h */,
				23623D171D34A8F900A9751E /* TableViewCell.m */,
				233389A81D2F59A900E3C4C2 /* AppDelegate.h */,
				233389A91D2F59A900E3C4C2 /* AppDelegate.m */,
				233389AE1D2F59A900E3C4C2 /* Main.storyboard */,
				233389B11D2F59A900E3C4C2 /* Assets.xcassets */,
				233389B31D2F59A900E3C4C2 /* LaunchScreen.storyboard */,
				233389B61D2F59A900E3C4C2 /* Info.plist */,
				233389A51D2F59A900E3C4C2 /* Supporting Files */,
			);
			path = WDIL;
			sourceTree = "<group>";
		};
		233389A51D2F59A900E3C4C2 /* Supporting Files */ = {
			isa = PBXGroup;
			children = (
				233389A61D2F59A900E3C4C2 /* main.m */,
			);
			name = "Supporting Files";
			sourceTree = "<group>";
		};
/* End PBXGroup section */

/* Begin PBXNativeTarget section */
		233389A11D2F59A900E3C4C2 /* WDIL */ = {
			isa = PBXNativeTarget;
			buildConfigurationList = 233389B91D2F59A900E3C4C2 /* Build configuration list for PBXNativeTarget "WDIL" */;
			buildPhases = (
				2333899E1D2F59A900E3C4C2 /* Sources */,
				2333899F1D2F59A900E3C4C2 /* Frameworks */,
				233389A01D2F59A900E3C4C2 /* Resources */,
			);
			buildRules = (
			);
			dependencies = (
			);
			name = WDIL;
			productName = WDIL;
			productReference = 233389A21D2F59A900E3C4C2 /* WDIL.app */;
			productType = "com.apple.product-type.application";
		};
/* End PBXNativeTarget section */

/* Begin PBXProject section */
		2333899A1D2F59A900E3C4C2 /* Project object */ = {
			isa = PBXProject;
			attributes = {
				LastUpgradeCheck = 0730;
				ORGANIZATIONNAME = Macallan;
				TargetAttributes = {
					233389A11D2F59A900E3C4C2 = {
						CreatedOnToolsVersion = 7.3.1;
					};
				};
			};
			buildConfigurationList = 2333899D1D2F59A900E3C4C2 /* Build configuration list for PBXProject "WDIL" */;
			compatibilityVersion = "Xcode 3.2";
			developmentRegion = English;
			hasScannedForEncodings = 0;
			knownRegions = (
				en,
				Base,
			);
			mainGroup = 233389991D2F59A900E3C4C2;
			productRefGroup = 233389A31D2F59A900E3C4C2 /* Products */;
			projectDirPath = "";
			projectRoot = "";
			targets = (
				233389A11D2F59A900E3C4C2 /* WDIL */,
			);
		};
/* End PBXProject section */

/* Begin PBXResourcesBuildPhase section */
		233389A01D2F59A900E3C4C2 /* Resources */ = {
			isa = PBXResourcesBuildPhase;
			buildActionMask = 2147483647;
			files = (
				233389B51D2F59A900E3C4C2 /* LaunchScreen.storyboard in Resources */,
				233389B21D2F59A900E3C4C2 /* Assets.xcassets in Resources */,
				23623D1A1D34A8F900A9751E /* Base.lproj in Resources */,
				23623D191D34A8F900A9751E /* Assets.xcassets in Resources */,
				233389B01D2F59A900E3C4C2 /* Main.storyboard in Resources */,
			);
			runOnlyForDeploymentPostprocessing = 0;
		};
/* End PBXResourcesBuildPhase section */

/* Begin PBXSourcesBuildPhase section */
		2333899E1D2F59A900E3C4C2 /* Sources */ = {
			isa = PBXSourcesBuildPhase;
			buildActionMask = 2147483647;
			files = (
				23623D1D1D34A8F900A9751E /* EventList.m in Sources */,
				23623D1C1D34A8F900A9751E /* EventDetailViewController.m in Sources */,
				23623D1E1D34A8F900A9751E /* MainViewController.m in Sources */,
				23623D1F1D34A8F900A9751E /* TableViewCell.m in Sources */,
				23623D181D34A8F900A9751E /* AddEventViewController.m in Sources */,
				23623D1B1D34A8F900A9751E /* Event.m in Sources */,
				233389AA1D2F59A900E3C4C2 /* AppDelegate.m in Sources */,
				233389A71D2F59A900E3C4C2 /* main.m in Sources */,
			);
			runOnlyForDeploymentPostprocessing = 0;
		};
/* End PBXSourcesBuildPhase section */

/* Begin PBXVariantGroup section */
		233389AE1D2F59A900E3C4C2 /* Main.storyboard */ = {
			isa = PBXVariantGroup;
			children = (
				233389AF1D2F59A900E3C4C2 /* Base */,
			);
			name = Main.storyboard;
			sourceTree = "<group>";
		};
		233389B31D2F59A900E3C4C2 /* LaunchScreen.storyboard */ = {
			isa = PBXVariantGroup;
			children = (
				233389B41D2F59A900E3C4C2 /* Base */,
			);
			name = LaunchScreen.storyboard;
			sourceTree = "<group>";
		};
/* End PBXVariantGroup section */

/* Begin XCBuildConfiguration section */
		233389B71D2F59A900E3C4C2 /* Debug */ = {
			isa = XCBuildConfiguration;
			buildSettings = {
				ALWAYS_SEARCH_USER_PATHS = NO;
				CLANG_ANALYZER_NONNULL = YES;
				CLANG_CXX_LANGUAGE_STANDARD = "gnu++0x";
				CLANG_CXX_LIBRARY = "libc++";
				CLANG_ENABLE_MODULES = YES;
				CLANG_ENABLE_OBJC_ARC = YES;
				CLANG_WARN_BOOL_CONVERSION = YES;
				CLANG_WARN_CONSTANT_CONVERSION = YES;
				CLANG_WARN_DIRECT_OBJC_ISA_USAGE = YES_ERROR;
				CLANG_WARN_EMPTY_BODY = YES;
				CLANG_WARN_ENUM_CONVERSION = YES;
				CLANG_WARN_INT_CONVERSION = YES;
				CLANG_WARN_OBJC_ROOT_CLASS = YES_ERROR;
				CLANG_WARN_UNREACHABLE_CODE = YES;
				CLANG_WARN__DUPLICATE_METHOD_MATCH = YES;
				"CODE_SIGN_IDENTITY[sdk=iphoneos*]" = "iPhone Developer";
				COPY_PHASE_STRIP = NO;
				DEBUG_INFORMATION_FORMAT = dwarf;
				ENABLE_STRICT_OBJC_MSGSEND = YES;
				ENABLE_TESTABILITY = YES;
				GCC_C_LANGUAGE_STANDARD = gnu99;
				GCC_DYNAMIC_NO_PIC = NO;
				GCC_NO_COMMON_BLOCKS = YES;
				GCC_OPTIMIZATION_LEVEL = 0;
				GCC_PREPROCESSOR_DEFINITIONS = (
					"DEBUG=1",
					"$(inherited)",
				);
				GCC_WARN_64_TO_32_BIT_CONVERSION = YES;
				GCC_WARN_ABOUT_RETURN_TYPE = YES_ERROR;
				GCC_WARN_UNDECLARED_SELECTOR = YES;
				GCC_WARN_UNINITIALIZED_AUTOS = YES_AGGRESSIVE;
				GCC_WARN_UNUSED_FUNCTION = YES;
				GCC_WARN_UNUSED_VARIABLE = YES;
				IPHONEOS_DEPLOYMENT_TARGET = 9.3;
				MTL_ENABLE_DEBUG_INFO = YES;
				ONLY_ACTIVE_ARCH = YES;
				SDKROOT = iphoneos;
			};
			name = Debug;
		};
		233389B81D2F59A900E3C4C2 /* Release */ = {
			isa = XCBuildConfiguration;
			buildSettings = {
				ALWAYS_SEARCH_USER_PATHS = NO;
				CLANG_ANALYZER_NONNULL = YES;
				CLANG_CXX_LANGUAGE_STANDARD = "gnu++0x";
				CLANG_CXX_LIBRARY = "libc++";
				CLANG_ENABLE_MODULES = YES;
				CLANG_ENABLE_OBJC_ARC = YES;
				CLANG_WARN_BOOL_CONVERSION = YES;
				CLANG_WARN_CONSTANT_CONVERSION = YES;
				CLANG_WARN_DIRECT_OBJC_ISA_USAGE = YES_ERROR;
				CLANG_WARN_EMPTY_BODY = YES;
				CLANG_WARN_ENUM_CONVERSION = YES;
				CLANG_WARN_INT_CONVERSION = YES;
				CLANG_WARN_OBJC_ROOT_CLASS = YES_ERROR;
				CLANG_WARN_UNREACHABLE_CODE = YES;
				CLANG_WARN__DUPLICATE_METHOD_MATCH = YES;
				"CODE_SIGN_IDENTITY[sdk=iphoneos*]" = "iPhone Developer";
				COPY_PHASE_STRIP = NO;
				DEBUG_INFORMATION_FORMAT = "dwarf-with-dsym";
				ENABLE_NS_ASSERTIONS = NO;
				ENABLE_STRICT_OBJC_MSGSEND = YES;
				GCC_C_LANGUAGE_STANDARD = gnu99;
				GCC_NO_COMMON_BLOCKS = YES;
				GCC_WARN_64_TO_32_BIT_CONVERSION = YES;
				GCC_WARN_ABOUT_RETURN_TYPE = YES_ERROR;
				GCC_WARN_UNDECLARED_SELECTOR = YES;
				GCC_WARN_UNINITIALIZED_AUTOS = YES_AGGRESSIVE;
				GCC_WARN_UNUSED_FUNCTION = YES;
				GCC_WARN_UNUSED_VARIABLE = YES;
				IPHONEOS_DEPLOYMENT_TARGET = 9.3;
				MTL_ENABLE_DEBUG_INFO = NO;
				SDKROOT = iphoneos;
				VALIDATE_PRODUCT = YES;
			};
			name = Release;
		};
		233389BA1D2F59A900E3C4C2 /* Debug */ = {
			isa = XCBuildConfiguration;
			buildSettings = {
				ASSETCATALOG_COMPILER_APPICON_NAME = AppIcon;
				INFOPLIST_FILE = WDIL/Info.plist;
				LD_RUNPATH_SEARCH_PATHS = "$(inherited) @executable_path/Frameworks";
				PRODUCT_BUNDLE_IDENTIFIER = com.macallabrown.WDIL;
				PRODUCT_NAME = "$(TARGET_NAME)";
			};
			name = Debug;
		};
		233389BB1D2F59A900E3C4C2 /* Release */ = {
			isa = XCBuildConfiguration;
			buildSettings = {
				ASSETCATALOG_COMPILER_APPICON_NAME = AppIcon;
				INFOPLIST_FILE = WDIL/Info.plist;
				LD_RUNPATH_SEARCH_PATHS = "$(inherited) @executable_path/Frameworks";
				PRODUCT_BUNDLE_IDENTIFIER = com.macallabrown.WDIL;
				PRODUCT_NAME = "$(TARGET_NAME)";
			};
			name = Release;
		};
/* End XCBuildConfiguration section */

/* Begin XCConfigurationList section */
		2333899D1D2F59A900E3C4C2 /* Build configuration list for PBXProject "WDIL" */ = {
			isa = XCConfigurationList;
			buildConfigurations = (
				233389B71D2F59A900E3C4C2 /* Debug */,
				233389B81D2F59A900E3C4C2 /* Release */,
			);
			defaultConfigurationIsVisible = 0;
			defaultConfigurationName = Release;
		};
		233389B91D2F59A900E3C4C2 /* Build configuration list for PBXNativeTarget "WDIL" */ = {
			isa = XCConfigurationList;
			buildConfigurations = (
				233389BA1D2F59A900E3C4C2 /* Debug */,
				233389BB1D2F59A900E3C4C2 /* Release */,
			);
			defaultConfigurationIsVisible = 0;
			defaultConfigurationName = Release;
		};
/* End XCConfigurationList section */
	};
	rootObject = 2333899A1D2F59A900E3C4C2 /* Project object */;
}
